
Microsoft Visual Studio Solution File, Format Version 10.00
# Visual Studio 2008
Project("{FAE04EC0-301F-11D3-BF4B-00C04F79EFBC}") = "Db4oExplorer", "Db4oExplorer\Db4oExplorer.csproj", "{C06A0B2E-6472-479C-A3BB-58EF9843B349}"
EndProject
Project("{FAE04EC0-301F-11D3-BF4B-00C04F79EFBC}") = "Db4oExplorer.Core", "Db4oExplorer.Core\Db4oExplorer.Core.csproj", "{E316A668-76F8-434A-9EA4-C10A24505225}"
EndProject
Project("{FAE04EC0-301F-11D3-BF4B-00C04F79EFBC}") = "Db4oExplorer.Test", "Db4oExplorer.Test\Db4oExplorer.Test.csproj", "{6782704F-E93C-4C73-88D7-0EF28AD90274}"
EndProject
Project("{FAE04EC0-301F-11D3-BF4B-00C04F79EFBC}") = "Db4oExplorer.Demo", "Db4oExplorer.Demo\Db4oExplorer.Demo.csproj", "{D8DBC8D5-5C6C-4020-AE19-C3AC19022A93}"
EndProject
Project("{FAE04EC0-301F-11D3-BF4B-00C04F79EFBC}") = "Commons.Data.DemoData", "..\Commons.Data\Commons.Data.DemoData\Commons.Data.DemoData.csproj", "{58D0498A-83EE-470D-B129-5963A98D510F}"
EndProject
Project("{FAE04EC0-301F-11D3-BF4B-00C04F79EFBC}") = "Commons.Data.Db4o", "..\Commons.Data\Commons.Data.Db4o\Commons.Data.Db4o.csproj", "{63ACBEEC-BA0B-4653-9308-A305D051A059}"
EndProject
Project("{FAE04EC0-301F-11D3-BF4B-00C04F79EFBC}") = "Commons.Data.Db4o.Test", "..\Commons.Data\Commons.Data.Db4o.Test\Commons.Data.Db4o.Test.csproj", "{BD4A7243-EEDE-451B-9BEE-40301471B282}"
EndProject
Project("{2150E333-8FDC-42A3-9474-1A3956D46DE8}") = "NeoDatis", "NeoDatis", "{0FC4B876-F74B-4394-9FF5-134FF49BDDBF}"
EndProject
Project("{FAE04EC0-301F-11D3-BF4B-00C04F79EFBC}") = "LeifTools", "LeifTools\LeifTools.csproj", "{1C366D62-3A50-4252-910D-9086157EA97C}"
EndProject
Project("{FAE04EC0-301F-11D3-BF4B-00C04F79EFBC}") = "NeoDatisExplorer.Test", "NeoDatisExplorer.Test\NeoDatisExplorer.Test.csproj", "{9130226B-544A-4480-A744-3DB2B0E1FF3E}"
EndProject
Project("{FAE04EC0-301F-11D3-BF4B-00C04F79EFBC}") = "NeoDatisExplorer.Samples", "NeoDatisExplorer.Samples\NeoDatisExplorer.Samples.csproj", "{CC225AB4-81E7-40F1-9875-8D2756848E53}"
EndProject
Project("{FAE04EC0-301F-11D3-BF4B-00C04F79EFBC}") = "NeoDatisExplorer", "NeoDatisExplorer\NeoDatisExplorer.csproj", "{3FE792E5-89B4-4D80-A90D-346F1ABF7F25}"
EndProject
Project("{FAE04EC0-301F-11D3-BF4B-00C04F79EFBC}") = "Commons.UI.WPF", "..\commons.wpf\Commons.UI.WPF\Commons.UI.WPF.csproj", "{FD230FD5-1831-406D-8BAD-45F663092DA4}"
EndProject
Project("{FAE04EC0-301F-11D3-BF4B-00C04F79EFBC}") = "Commons.UI.WPF.LayoutDataStore", "..\commons.wpf\Commons.UI.WPF.LayoutDataStore\Commons.UI.WPF.LayoutDataStore.csproj", "{3DEF44D3-0D98-4794-B531-A22F67545BD9}"
EndProject
Project("{FAE04EC0-301F-11D3-BF4B-00C04F79EFBC}") = "Commons.UI.WPF.LayoutDataStore.Test", "..\commons.wpf\Commons.UI.WPF.LayoutDataStore.Test\Commons.UI.WPF.LayoutDataStore.Test.csproj", "{046881CC-4351-47BD-A622-4C77A9DBEDCE}"
EndProject
Project("{FAE04EC0-301F-11D3-BF4B-00C04F79EFBC}") = "Commons.UI.WPF.Test", "..\commons.wpf\Commons.UI.WPF.Test\Commons.UI.WPF.Test.csproj", "{5B43426E-8E8B-4596-B647-8092586E52C3}"
EndProject
Project("{FAE04EC0-301F-11D3-BF4B-00C04F79EFBC}") = "Commons.UI.WPF.TestUtils", "..\commons.wpf\Commons.UI.WPF.TestUtils\Commons.UI.WPF.TestUtils.csproj", "{D96455D0-8DA9-4176-9ED4-DC5DD54E944D}"
EndProject
Project("{FAE04EC0-301F-11D3-BF4B-00C04F79EFBC}") = "Commons.Utils", "..\commons\Commons.Utils\Commons.Utils.csproj", "{B7AFA1B3-6DD4-4F2C-9532-1A9C841712C8}"
EndProject
Project("{FAE04EC0-301F-11D3-BF4B-00C04F79EFBC}") = "Commons.UI.LayoutDataStore", "..\commons\Commons.UI.LayoutDataStore\Commons.UI.LayoutDataStore.csproj", "{389E2FF5-F851-4AC0-AFEB-F38AB7F1FC0E}"
EndProject
Project("{FAE04EC0-301F-11D3-BF4B-00C04F79EFBC}") = "Commons.TestUtils", "..\commons\Commons.TestUtils\Commons.TestUtils.csproj", "{1B53A298-C102-4E9C-B1B9-0BF53808CCF0}"
EndProject
Project("{FAE04EC0-301F-11D3-BF4B-00C04F79EFBC}") = "Commons.Logging", "..\commons\Commons.Logging\Commons.Logging.csproj", "{812EFF0A-CD3F-4CE6-9AD6-EEB785EC4EC5}"
EndProject
Global
	GlobalSection(SolutionConfigurationPlatforms) = preSolution
		Debug|Any CPU = Debug|Any CPU
		Debug|Mixed Platforms = Debug|Mixed Platforms
		Debug|x64 = Debug|x64
		Debug|x86 = Debug|x86
		Release|Any CPU = Release|Any CPU
		Release|Mixed Platforms = Release|Mixed Platforms
		Release|x64 = Release|x64
		Release|x86 = Release|x86
	EndGlobalSection
	GlobalSection(ProjectConfigurationPlatforms) = postSolution
		{C06A0B2E-6472-479C-A3BB-58EF9843B349}.Debug|Any CPU.ActiveCfg = Debug|Any CPU
		{C06A0B2E-6472-479C-A3BB-58EF9843B349}.Debug|Any CPU.Build.0 = Debug|Any CPU
		{C06A0B2E-6472-479C-A3BB-58EF9843B349}.Debug|Mixed Platforms.ActiveCfg = Debug|Any CPU
		{C06A0B2E-6472-479C-A3BB-58EF9843B349}.Debug|Mixed Platforms.Build.0 = Debug|Any CPU
		{C06A0B2E-6472-479C-A3BB-58EF9843B349}.Debug|x64.ActiveCfg = Debug|Any CPU
		{C06A0B2E-6472-479C-A3BB-58EF9843B349}.Debug|x86.ActiveCfg = Debug|Any CPU
		{C06A0B2E-6472-479C-A3BB-58EF9843B349}.Release|Any CPU.ActiveCfg = Release|Any CPU
		{C06A0B2E-6472-479C-A3BB-58EF9843B349}.Release|Any CPU.Build.0 = Release|Any CPU
		{C06A0B2E-6472-479C-A3BB-58EF9843B349}.Release|Mixed Platforms.ActiveCfg = Release|Any CPU
		{C06A0B2E-6472-479C-A3BB-58EF9843B349}.Release|Mixed Platforms.Build.0 = Release|Any CPU
		{C06A0B2E-6472-479C-A3BB-58EF9843B349}.Release|x64.ActiveCfg = Release|Any CPU
		{C06A0B2E-6472-479C-A3BB-58EF9843B349}.Release|x86.ActiveCfg = Release|Any CPU
		{E316A668-76F8-434A-9EA4-C10A24505225}.Debug|Any CPU.ActiveCfg = Debug|Any CPU
		{E316A668-76F8-434A-9EA4-C10A24505225}.Debug|Any CPU.Build.0 = Debug|Any CPU
		{E316A668-76F8-434A-9EA4-C10A24505225}.Debug|Mixed Platforms.ActiveCfg = Debug|Any CPU
		{E316A668-76F8-434A-9EA4-C10A24505225}.Debug|Mixed Platforms.Build.0 = Debug|Any CPU
		{E316A668-76F8-434A-9EA4-C10A24505225}.Debug|x64.ActiveCfg = Debug|Any CPU
		{E316A668-76F8-434A-9EA4-C10A24505225}.Debug|x86.ActiveCfg = Debug|Any CPU
		{E316A668-76F8-434A-9EA4-C10A24505225}.Release|Any CPU.ActiveCfg = Release|Any CPU
		{E316A668-76F8-434A-9EA4-C10A24505225}.Release|Any CPU.Build.0 = Release|Any CPU
		{E316A668-76F8-434A-9EA4-C10A24505225}.Release|Mixed Platforms.ActiveCfg = Release|Any CPU
		{E316A668-76F8-434A-9EA4-C10A24505225}.Release|Mixed Platforms.Build.0 = Release|Any CPU
		{E316A668-76F8-434A-9EA4-C10A24505225}.Release|x64.ActiveCfg = Release|Any CPU
		{E316A668-76F8-434A-9EA4-C10A24505225}.Release|x86.ActiveCfg = Release|Any CPU
		{6782704F-E93C-4C73-88D7-0EF28AD90274}.Debug|Any CPU.ActiveCfg = Debug|Any CPU
		{6782704F-E93C-4C73-88D7-0EF28AD90274}.Debug|Any CPU.Build.0 = Debug|Any CPU
		{6782704F-E93C-4C73-88D7-0EF28AD90274}.Debug|Mixed Platforms.ActiveCfg = Debug|Any CPU
		{6782704F-E93C-4C73-88D7-0EF28AD90274}.Debug|Mixed Platforms.Build.0 = Debug|Any CPU
		{6782704F-E93C-4C73-88D7-0EF28AD90274}.Debug|x64.ActiveCfg = Debug|Any CPU
		{6782704F-E93C-4C73-88D7-0EF28AD90274}.Debug|x86.ActiveCfg = Debug|Any CPU
		{6782704F-E93C-4C73-88D7-0EF28AD90274}.Release|Any CPU.ActiveCfg = Release|Any CPU
		{6782704F-E93C-4C73-88D7-0EF28AD90274}.Release|Any CPU.Build.0 = Release|Any CPU
		{6782704F-E93C-4C73-88D7-0EF28AD90274}.Release|Mixed Platforms.ActiveCfg = Release|Any CPU
		{6782704F-E93C-4C73-88D7-0EF28AD90274}.Release|Mixed Platforms.Build.0 = Release|Any CPU
		{6782704F-E93C-4C73-88D7-0EF28AD90274}.Release|x64.ActiveCfg = Release|Any CPU
		{6782704F-E93C-4C73-88D7-0EF28AD90274}.Release|x86.ActiveCfg = Release|Any CPU
		{D8DBC8D5-5C6C-4020-AE19-C3AC19022A93}.Debug|Any CPU.ActiveCfg = Debug|Any CPU
		{D8DBC8D5-5C6C-4020-AE19-C3AC19022A93}.Debug|Any CPU.Build.0 = Debug|Any CPU
		{D8DBC8D5-5C6C-4020-AE19-C3AC19022A93}.Debug|Mixed Platforms.ActiveCfg = Debug|Any CPU
		{D8DBC8D5-5C6C-4020-AE19-C3AC19022A93}.Debug|Mixed Platforms.Build.0 = Debug|Any CPU
		{D8DBC8D5-5C6C-4020-AE19-C3AC19022A93}.Debug|x64.ActiveCfg = Debug|Any CPU
		{D8DBC8D5-5C6C-4020-AE19-C3AC19022A93}.Debug|x86.ActiveCfg = Debug|Any CPU
		{D8DBC8D5-5C6C-4020-AE19-C3AC19022A93}.Release|Any CPU.ActiveCfg = Release|Any CPU
		{D8DBC8D5-5C6C-4020-AE19-C3AC19022A93}.Release|Any CPU.Build.0 = Release|Any CPU
		{D8DBC8D5-5C6C-4020-AE19-C3AC19022A93}.Release|Mixed Platforms.ActiveCfg = Release|Any CPU
		{D8DBC8D5-5C6C-4020-AE19-C3AC19022A93}.Release|Mixed Platforms.Build.0 = Release|Any CPU
		{D8DBC8D5-5C6C-4020-AE19-C3AC19022A93}.Release|x64.ActiveCfg = Release|Any CPU
		{D8DBC8D5-5C6C-4020-AE19-C3AC19022A93}.Release|x86.ActiveCfg = Release|Any CPU
		{58D0498A-83EE-470D-B129-5963A98D510F}.Debug|Any CPU.ActiveCfg = Debug|Any CPU
		{58D0498A-83EE-470D-B129-5963A98D510F}.Debug|Any CPU.Build.0 = Debug|Any CPU
		{58D0498A-83EE-470D-B129-5963A98D510F}.Debug|Mixed Platforms.ActiveCfg = Debug|Any CPU
		{58D0498A-83EE-470D-B129-5963A98D510F}.Debug|Mixed Platforms.Build.0 = Debug|Any CPU
		{58D0498A-83EE-470D-B129-5963A98D510F}.Debug|x64.ActiveCfg = Debug|Any CPU
		{58D0498A-83EE-470D-B129-5963A98D510F}.Debug|x86.ActiveCfg = Debug|Any CPU
		{58D0498A-83EE-470D-B129-5963A98D510F}.Release|Any CPU.ActiveCfg = Release|Any CPU
		{58D0498A-83EE-470D-B129-5963A98D510F}.Release|Any CPU.Build.0 = Release|Any CPU
		{58D0498A-83EE-470D-B129-5963A98D510F}.Release|Mixed Platforms.ActiveCfg = Release|Any CPU
		{58D0498A-83EE-470D-B129-5963A98D510F}.Release|Mixed Platforms.Build.0 = Release|Any CPU
		{58D0498A-83EE-470D-B129-5963A98D510F}.Release|x64.ActiveCfg = Release|Any CPU
		{58D0498A-83EE-470D-B129-5963A98D510F}.Release|x86.ActiveCfg = Release|Any CPU
		{63ACBEEC-BA0B-4653-9308-A305D051A059}.Debug|Any CPU.ActiveCfg = Debug|Any CPU
		{63ACBEEC-BA0B-4653-9308-A305D051A059}.Debug|Any CPU.Build.0 = Debug|Any CPU
		{63ACBEEC-BA0B-4653-9308-A305D051A059}.Debug|Mixed Platforms.ActiveCfg = Debug|Any CPU
		{63ACBEEC-BA0B-4653-9308-A305D051A059}.Debug|Mixed Platforms.Build.0 = Debug|Any CPU
		{63ACBEEC-BA0B-4653-9308-A305D051A059}.Debug|x64.ActiveCfg = Debug|Any CPU
		{63ACBEEC-BA0B-4653-9308-A305D051A059}.Debug|x86.ActiveCfg = Debug|Any CPU
		{63ACBEEC-BA0B-4653-9308-A305D051A059}.Release|Any CPU.ActiveCfg = Release|Any CPU
		{63ACBEEC-BA0B-4653-9308-A305D051A059}.Release|Any CPU.Build.0 = Release|Any CPU
		{63ACBEEC-BA0B-4653-9308-A305D051A059}.Release|Mixed Platforms.ActiveCfg = Release|Any CPU
		{63ACBEEC-BA0B-4653-9308-A305D051A059}.Release|Mixed Platforms.Build.0 = Release|Any CPU
		{63ACBEEC-BA0B-4653-9308-A305D051A059}.Release|x64.ActiveCfg = Release|Any CPU
		{63ACBEEC-BA0B-4653-9308-A305D051A059}.Release|x86.ActiveCfg = Release|Any CPU
		{BD4A7243-EEDE-451B-9BEE-40301471B282}.Debug|Any CPU.ActiveCfg = Debug|Any CPU
		{BD4A7243-EEDE-451B-9BEE-40301471B282}.Debug|Any CPU.Build.0 = Debug|Any CPU
		{BD4A7243-EEDE-451B-9BEE-40301471B282}.Debug|Mixed Platforms.ActiveCfg = Debug|Any CPU
		{BD4A7243-EEDE-451B-9BEE-40301471B282}.Debug|Mixed Platforms.Build.0 = Debug|Any CPU
		{BD4A7243-EEDE-451B-9BEE-40301471B282}.Debug|x64.ActiveCfg = Debug|Any CPU
		{BD4A7243-EEDE-451B-9BEE-40301471B282}.Debug|x86.ActiveCfg = Debug|Any CPU
		{BD4A7243-EEDE-451B-9BEE-40301471B282}.Release|Any CPU.ActiveCfg = Release|Any CPU
		{BD4A7243-EEDE-451B-9BEE-40301471B282}.Release|Any CPU.Build.0 = Release|Any CPU
		{BD4A7243-EEDE-451B-9BEE-40301471B282}.Release|Mixed Platforms.ActiveCfg = Release|Any CPU
		{BD4A7243-EEDE-451B-9BEE-40301471B282}.Release|Mixed Platforms.Build.0 = Release|Any CPU
		{BD4A7243-EEDE-451B-9BEE-40301471B282}.Release|x64.ActiveCfg = Release|Any CPU
		{BD4A7243-EEDE-451B-9BEE-40301471B282}.Release|x86.ActiveCfg = Release|Any CPU
		{1C366D62-3A50-4252-910D-9086157EA97C}.Debug|Any CPU.ActiveCfg = Debug|Any CPU
		{1C366D62-3A50-4252-910D-9086157EA97C}.Debug|Any CPU.Build.0 = Debug|Any CPU
		{1C366D62-3A50-4252-910D-9086157EA97C}.Debug|Mixed Platforms.ActiveCfg = Debug|Any CPU
		{1C366D62-3A50-4252-910D-9086157EA97C}.Debug|Mixed Platforms.Build.0 = Debug|Any CPU
		{1C366D62-3A50-4252-910D-9086157EA97C}.Debug|x64.ActiveCfg = Debug|Any CPU
		{1C366D62-3A50-4252-910D-9086157EA97C}.Debug|x86.ActiveCfg = Debug|Any CPU
		{1C366D62-3A50-4252-910D-9086157EA97C}.Release|Any CPU.ActiveCfg = Release|Any CPU
		{1C366D62-3A50-4252-910D-9086157EA97C}.Release|Any CPU.Build.0 = Release|Any CPU
		{1C366D62-3A50-4252-910D-9086157EA97C}.Release|Mixed Platforms.ActiveCfg = Release|Any CPU
		{1C366D62-3A50-4252-910D-9086157EA97C}.Release|Mixed Platforms.Build.0 = Release|Any CPU
		{1C366D62-3A50-4252-910D-9086157EA97C}.Release|x64.ActiveCfg = Release|Any CPU
		{1C366D62-3A50-4252-910D-9086157EA97C}.Release|x86.ActiveCfg = Release|Any CPU
		{9130226B-544A-4480-A744-3DB2B0E1FF3E}.Debug|Any CPU.ActiveCfg = Debug|Any CPU
		{9130226B-544A-4480-A744-3DB2B0E1FF3E}.Debug|Any CPU.Build.0 = Debug|Any CPU
		{9130226B-544A-4480-A744-3DB2B0E1FF3E}.Debug|Mixed Platforms.ActiveCfg = Debug|Any CPU
		{9130226B-544A-4480-A744-3DB2B0E1FF3E}.Debug|Mixed Platforms.Build.0 = Debug|Any CPU
		{9130226B-544A-4480-A744-3DB2B0E1FF3E}.Debug|x64.ActiveCfg = Debug|Any CPU
		{9130226B-544A-4480-A744-3DB2B0E1FF3E}.Debug|x86.ActiveCfg = Debug|Any CPU
		{9130226B-544A-4480-A744-3DB2B0E1FF3E}.Release|Any CPU.ActiveCfg = Release|Any CPU
		{9130226B-544A-4480-A744-3DB2B0E1FF3E}.Release|Any CPU.Build.0 = Release|Any CPU
		{9130226B-544A-4480-A744-3DB2B0E1FF3E}.Release|Mixed Platforms.ActiveCfg = Release|Any CPU
		{9130226B-544A-4480-A744-3DB2B0E1FF3E}.Release|Mixed Platforms.Build.0 = Release|Any CPU
		{9130226B-544A-4480-A744-3DB2B0E1FF3E}.Release|x64.ActiveCfg = Release|Any CPU
		{9130226B-544A-4480-A744-3DB2B0E1FF3E}.Release|x86.ActiveCfg = Release|Any CPU
		{CC225AB4-81E7-40F1-9875-8D2756848E53}.Debug|Any CPU.ActiveCfg = Debug|Any CPU
		{CC225AB4-81E7-40F1-9875-8D2756848E53}.Debug|Any CPU.Build.0 = Debug|Any CPU
		{CC225AB4-81E7-40F1-9875-8D2756848E53}.Debug|Mixed Platforms.ActiveCfg = Debug|Any CPU
		{CC225AB4-81E7-40F1-9875-8D2756848E53}.Debug|Mixed Platforms.Build.0 = Debug|Any CPU
		{CC225AB4-81E7-40F1-9875-8D2756848E53}.Debug|x64.ActiveCfg = Debug|Any CPU
		{CC225AB4-81E7-40F1-9875-8D2756848E53}.Debug|x86.ActiveCfg = Debug|Any CPU
		{CC225AB4-81E7-40F1-9875-8D2756848E53}.Release|Any CPU.ActiveCfg = Release|Any CPU
		{CC225AB4-81E7-40F1-9875-8D2756848E53}.Release|Any CPU.Build.0 = Release|Any CPU
		{CC225AB4-81E7-40F1-9875-8D2756848E53}.Release|Mixed Platforms.ActiveCfg = Release|Any CPU
		{CC225AB4-81E7-40F1-9875-8D2756848E53}.Release|Mixed Platforms.Build.0 = Release|Any CPU
		{CC225AB4-81E7-40F1-9875-8D2756848E53}.Release|x64.ActiveCfg = Release|Any CPU
		{CC225AB4-81E7-40F1-9875-8D2756848E53}.Release|x86.ActiveCfg = Release|Any CPU
		{3FE792E5-89B4-4D80-A90D-346F1ABF7F25}.Debug|Any CPU.ActiveCfg = Debug|Any CPU
		{3FE792E5-89B4-4D80-A90D-346F1ABF7F25}.Debug|Any CPU.Build.0 = Debug|Any CPU
		{3FE792E5-89B4-4D80-A90D-346F1ABF7F25}.Debug|Mixed Platforms.ActiveCfg = Debug|Any CPU
		{3FE792E5-89B4-4D80-A90D-346F1ABF7F25}.Debug|Mixed Platforms.Build.0 = Debug|Any CPU
		{3FE792E5-89B4-4D80-A90D-346F1ABF7F25}.Debug|x64.ActiveCfg = Debug|Any CPU
		{3FE792E5-89B4-4D80-A90D-346F1ABF7F25}.Debug|x86.ActiveCfg = Debug|Any CPU
		{3FE792E5-89B4-4D80-A90D-346F1ABF7F25}.Release|Any CPU.ActiveCfg = Release|Any CPU
		{3FE792E5-89B4-4D80-A90D-346F1ABF7F25}.Release|Any CPU.Build.0 = Release|Any CPU
		{3FE792E5-89B4-4D80-A90D-346F1ABF7F25}.Release|Mixed Platforms.ActiveCfg = Release|Any CPU
		{3FE792E5-89B4-4D80-A90D-346F1ABF7F25}.Release|Mixed Platforms.Build.0 = Release|Any CPU
		{3FE792E5-89B4-4D80-A90D-346F1ABF7F25}.Release|x64.ActiveCfg = Release|Any CPU
		{3FE792E5-89B4-4D80-A90D-346F1ABF7F25}.Release|x86.ActiveCfg = Release|Any CPU
		{FD230FD5-1831-406D-8BAD-45F663092DA4}.Debug|Any CPU.ActiveCfg = Debug|Any CPU
		{FD230FD5-1831-406D-8BAD-45F663092DA4}.Debug|Any CPU.Build.0 = Debug|Any CPU
		{FD230FD5-1831-406D-8BAD-45F663092DA4}.Debug|Mixed Platforms.ActiveCfg = Debug|x86
		{FD230FD5-1831-406D-8BAD-45F663092DA4}.Debug|Mixed Platforms.Build.0 = Debug|x86
		{FD230FD5-1831-406D-8BAD-45F663092DA4}.Debug|x64.ActiveCfg = Debug|x86
		{FD230FD5-1831-406D-8BAD-45F663092DA4}.Debug|x86.ActiveCfg = Debug|x86
		{FD230FD5-1831-406D-8BAD-45F663092DA4}.Debug|x86.Build.0 = Debug|x86
		{FD230FD5-1831-406D-8BAD-45F663092DA4}.Release|Any CPU.ActiveCfg = Release|Any CPU
		{FD230FD5-1831-406D-8BAD-45F663092DA4}.Release|Any CPU.Build.0 = Release|Any CPU
		{FD230FD5-1831-406D-8BAD-45F663092DA4}.Release|Mixed Platforms.ActiveCfg = Release|x86
		{FD230FD5-1831-406D-8BAD-45F663092DA4}.Release|Mixed Platforms.Build.0 = Release|x86
		{FD230FD5-1831-406D-8BAD-45F663092DA4}.Release|x64.ActiveCfg = Release|x86
		{FD230FD5-1831-406D-8BAD-45F663092DA4}.Release|x86.ActiveCfg = Release|x86
		{FD230FD5-1831-406D-8BAD-45F663092DA4}.Release|x86.Build.0 = Release|x86
		{3DEF44D3-0D98-4794-B531-A22F67545BD9}.Debug|Any CPU.ActiveCfg = Debug|Any CPU
		{3DEF44D3-0D98-4794-B531-A22F67545BD9}.Debug|Any CPU.Build.0 = Debug|Any CPU
		{3DEF44D3-0D98-4794-B531-A22F67545BD9}.Debug|Mixed Platforms.ActiveCfg = Debug|Any CPU
		{3DEF44D3-0D98-4794-B531-A22F67545BD9}.Debug|Mixed Platforms.Build.0 = Debug|Any CPU
		{3DEF44D3-0D98-4794-B531-A22F67545BD9}.Debug|x64.ActiveCfg = Debug|Any CPU
		{3DEF44D3-0D98-4794-B531-A22F67545BD9}.Debug|x86.ActiveCfg = Debug|Any CPU
		{3DEF44D3-0D98-4794-B531-A22F67545BD9}.Release|Any CPU.ActiveCfg = Release|Any CPU
		{3DEF44D3-0D98-4794-B531-A22F67545BD9}.Release|Any CPU.Build.0 = Release|Any CPU
		{3DEF44D3-0D98-4794-B531-A22F67545BD9}.Release|Mixed Platforms.ActiveCfg = Release|Any CPU
		{3DEF44D3-0D98-4794-B531-A22F67545BD9}.Release|Mixed Platforms.Build.0 = Release|Any CPU
		{3DEF44D3-0D98-4794-B531-A22F67545BD9}.Release|x64.ActiveCfg = Release|Any CPU
		{3DEF44D3-0D98-4794-B531-A22F67545BD9}.Release|x86.ActiveCfg = Release|Any CPU
		{046881CC-4351-47BD-A622-4C77A9DBEDCE}.Debug|Any CPU.ActiveCfg = Debug|Any CPU
		{046881CC-4351-47BD-A622-4C77A9DBEDCE}.Debug|Any CPU.Build.0 = Debug|Any CPU
		{046881CC-4351-47BD-A622-4C77A9DBEDCE}.Debug|Mixed Platforms.ActiveCfg = Debug|Any CPU
		{046881CC-4351-47BD-A622-4C77A9DBEDCE}.Debug|Mixed Platforms.Build.0 = Debug|Any CPU
		{046881CC-4351-47BD-A622-4C77A9DBEDCE}.Debug|x64.ActiveCfg = Debug|Any CPU
		{046881CC-4351-47BD-A622-4C77A9DBEDCE}.Debug|x86.ActiveCfg = Debug|Any CPU
		{046881CC-4351-47BD-A622-4C77A9DBEDCE}.Release|Any CPU.ActiveCfg = Release|Any CPU
		{046881CC-4351-47BD-A622-4C77A9DBEDCE}.Release|Any CPU.Build.0 = Release|Any CPU
		{046881CC-4351-47BD-A622-4C77A9DBEDCE}.Release|Mixed Platforms.ActiveCfg = Release|Any CPU
		{046881CC-4351-47BD-A622-4C77A9DBEDCE}.Release|Mixed Platforms.Build.0 = Release|Any CPU
		{046881CC-4351-47BD-A622-4C77A9DBEDCE}.Release|x64.ActiveCfg = Release|Any CPU
		{046881CC-4351-47BD-A622-4C77A9DBEDCE}.Release|x86.ActiveCfg = Release|Any CPU
		{5B43426E-8E8B-4596-B647-8092586E52C3}.Debug|Any CPU.ActiveCfg = Debug|Any CPU
		{5B43426E-8E8B-4596-B647-8092586E52C3}.Debug|Any CPU.Build.0 = Debug|Any CPU
		{5B43426E-8E8B-4596-B647-8092586E52C3}.Debug|Mixed Platforms.ActiveCfg = Debug|x86
		{5B43426E-8E8B-4596-B647-8092586E52C3}.Debug|Mixed Platforms.Build.0 = Debug|x86
		{5B43426E-8E8B-4596-B647-8092586E52C3}.Debug|x64.ActiveCfg = Debug|x86
		{5B43426E-8E8B-4596-B647-8092586E52C3}.Debug|x86.ActiveCfg = Debug|x86
		{5B43426E-8E8B-4596-B647-8092586E52C3}.Debug|x86.Build.0 = Debug|x86
		{5B43426E-8E8B-4596-B647-8092586E52C3}.Release|Any CPU.ActiveCfg = Release|Any CPU
		{5B43426E-8E8B-4596-B647-8092586E52C3}.Release|Any CPU.Build.0 = Release|Any CPU
		{5B43426E-8E8B-4596-B647-8092586E52C3}.Release|Mixed Platforms.ActiveCfg = Release|x86
		{5B43426E-8E8B-4596-B647-8092586E52C3}.Release|Mixed Platforms.Build.0 = Release|x86
		{5B43426E-8E8B-4596-B647-8092586E52C3}.Release|x64.ActiveCfg = Release|x86
		{5B43426E-8E8B-4596-B647-8092586E52C3}.Release|x86.ActiveCfg = Release|x86
		{5B43426E-8E8B-4596-B647-8092586E52C3}.Release|x86.Build.0 = Release|x86
		{D96455D0-8DA9-4176-9ED4-DC5DD54E944D}.Debug|Any CPU.ActiveCfg = Debug|Any CPU
		{D96455D0-8DA9-4176-9ED4-DC5DD54E944D}.Debug|Any CPU.Build.0 = Debug|Any CPU
		{D96455D0-8DA9-4176-9ED4-DC5DD54E944D}.Debug|Mixed Platforms.ActiveCfg = Debug|x86
		{D96455D0-8DA9-4176-9ED4-DC5DD54E944D}.Debug|Mixed Platforms.Build.0 = Debug|x86
		{D96455D0-8DA9-4176-9ED4-DC5DD54E944D}.Debug|x64.ActiveCfg = Debug|x86
		{D96455D0-8DA9-4176-9ED4-DC5DD54E944D}.Debug|x86.ActiveCfg = Debug|x86
		{D96455D0-8DA9-4176-9ED4-DC5DD54E944D}.Debug|x86.Build.0 = Debug|x86
		{D96455D0-8DA9-4176-9ED4-DC5DD54E944D}.Release|Any CPU.ActiveCfg = Release|Any CPU
		{D96455D0-8DA9-4176-9ED4-DC5DD54E944D}.Release|Any CPU.Build.0 = Release|Any CPU
		{D96455D0-8DA9-4176-9ED4-DC5DD54E944D}.Release|Mixed Platforms.ActiveCfg = Release|x86
		{D96455D0-8DA9-4176-9ED4-DC5DD54E944D}.Release|Mixed Platforms.Build.0 = Release|x86
		{D96455D0-8DA9-4176-9ED4-DC5DD54E944D}.Release|x64.ActiveCfg = Release|x86
		{D96455D0-8DA9-4176-9ED4-DC5DD54E944D}.Release|x86.ActiveCfg = Release|x86
		{D96455D0-8DA9-4176-9ED4-DC5DD54E944D}.Release|x86.Build.0 = Release|x86
		{B7AFA1B3-6DD4-4F2C-9532-1A9C841712C8}.Debug|Any CPU.ActiveCfg = Debug|Any CPU
		{B7AFA1B3-6DD4-4F2C-9532-1A9C841712C8}.Debug|Any CPU.Build.0 = Debug|Any CPU
		{B7AFA1B3-6DD4-4F2C-9532-1A9C841712C8}.Debug|Mixed Platforms.ActiveCfg = Debug|x86
		{B7AFA1B3-6DD4-4F2C-9532-1A9C841712C8}.Debug|Mixed Platforms.Build.0 = Debug|x86
		{B7AFA1B3-6DD4-4F2C-9532-1A9C841712C8}.Debug|x64.ActiveCfg = Debug|x64
		{B7AFA1B3-6DD4-4F2C-9532-1A9C841712C8}.Debug|x64.Build.0 = Debug|x64
		{B7AFA1B3-6DD4-4F2C-9532-1A9C841712C8}.Debug|x86.ActiveCfg = Debug|x86
		{B7AFA1B3-6DD4-4F2C-9532-1A9C841712C8}.Debug|x86.Build.0 = Debug|x86
		{B7AFA1B3-6DD4-4F2C-9532-1A9C841712C8}.Release|Any CPU.ActiveCfg = Release|Any CPU
		{B7AFA1B3-6DD4-4F2C-9532-1A9C841712C8}.Release|Any CPU.Build.0 = Release|Any CPU
		{B7AFA1B3-6DD4-4F2C-9532-1A9C841712C8}.Release|Mixed Platforms.ActiveCfg = Release|x86
		{B7AFA1B3-6DD4-4F2C-9532-1A9C841712C8}.Release|Mixed Platforms.Build.0 = Release|x86
		{B7AFA1B3-6DD4-4F2C-9532-1A9C841712C8}.Release|x64.ActiveCfg = Release|x64
		{B7AFA1B3-6DD4-4F2C-9532-1A9C841712C8}.Release|x64.Build.0 = Release|x64
		{B7AFA1B3-6DD4-4F2C-9532-1A9C841712C8}.Release|x86.ActiveCfg = Release|x86
		{B7AFA1B3-6DD4-4F2C-9532-1A9C841712C8}.Release|x86.Build.0 = Release|x86
		{389E2FF5-F851-4AC0-AFEB-F38AB7F1FC0E}.Debug|Any CPU.ActiveCfg = Debug|Any CPU
		{389E2FF5-F851-4AC0-AFEB-F38AB7F1FC0E}.Debug|Any CPU.Build.0 = Debug|Any CPU
		{389E2FF5-F851-4AC0-AFEB-F38AB7F1FC0E}.Debug|Mixed Platforms.ActiveCfg = Debug|x86
		{389E2FF5-F851-4AC0-AFEB-F38AB7F1FC0E}.Debug|Mixed Platforms.Build.0 = Debug|x86
		{389E2FF5-F851-4AC0-AFEB-F38AB7F1FC0E}.Debug|x64.ActiveCfg = Debug|x86
		{389E2FF5-F851-4AC0-AFEB-F38AB7F1FC0E}.Debug|x86.ActiveCfg = Debug|x86
		{389E2FF5-F851-4AC0-AFEB-F38AB7F1FC0E}.Debug|x86.Build.0 = Debug|x86
		{389E2FF5-F851-4AC0-AFEB-F38AB7F1FC0E}.Release|Any CPU.ActiveCfg = Release|Any CPU
		{389E2FF5-F851-4AC0-AFEB-F38AB7F1FC0E}.Release|Any CPU.Build.0 = Release|Any CPU
		{389E2FF5-F851-4AC0-AFEB-F38AB7F1FC0E}.Release|Mixed Platforms.ActiveCfg = Release|x86
		{389E2FF5-F851-4AC0-AFEB-F38AB7F1FC0E}.Release|Mixed Platforms.Build.0 = Release|x86
		{389E2FF5-F851-4AC0-AFEB-F38AB7F1FC0E}.Release|x64.ActiveCfg = Release|x86
		{389E2FF5-F851-4AC0-AFEB-F38AB7F1FC0E}.Release|x86.ActiveCfg = Release|x86
		{389E2FF5-F851-4AC0-AFEB-F38AB7F1FC0E}.Release|x86.Build.0 = Release|x86
		{1B53A298-C102-4E9C-B1B9-0BF53808CCF0}.Debug|Any CPU.ActiveCfg = Debug|Any CPU
		{1B53A298-C102-4E9C-B1B9-0BF53808CCF0}.Debug|Any CPU.Build.0 = Debug|Any CPU
		{1B53A298-C102-4E9C-B1B9-0BF53808CCF0}.Debug|Mixed Platforms.ActiveCfg = Debug|Any CPU
		{1B53A298-C102-4E9C-B1B9-0BF53808CCF0}.Debug|Mixed Platforms.Build.0 = Debug|Any CPU
		{1B53A298-C102-4E9C-B1B9-0BF53808CCF0}.Debug|x64.ActiveCfg = Debug|Any CPU
		{1B53A298-C102-4E9C-B1B9-0BF53808CCF0}.Debug|x86.ActiveCfg = Debug|Any CPU
		{1B53A298-C102-4E9C-B1B9-0BF53808CCF0}.Release|Any CPU.ActiveCfg = Release|Any CPU
		{1B53A298-C102-4E9C-B1B9-0BF53808CCF0}.Release|Any CPU.Build.0 = Release|Any CPU
		{1B53A298-C102-4E9C-B1B9-0BF53808CCF0}.Release|Mixed Platforms.ActiveCfg = Release|Any CPU
		{1B53A298-C102-4E9C-B1B9-0BF53808CCF0}.Release|Mixed Platforms.Build.0 = Release|Any CPU
		{1B53A298-C102-4E9C-B1B9-0BF53808CCF0}.Release|x64.ActiveCfg = Release|Any CPU
		{1B53A298-C102-4E9C-B1B9-0BF53808CCF0}.Release|x86.ActiveCfg = Release|Any CPU
		{812EFF0A-CD3F-4CE6-9AD6-EEB785EC4EC5}.Debug|Any CPU.ActiveCfg = Debug|Any CPU
		{812EFF0A-CD3F-4CE6-9AD6-EEB785EC4EC5}.Debug|Any CPU.Build.0 = Debug|Any CPU
		{812EFF0A-CD3F-4CE6-9AD6-EEB785EC4EC5}.Debug|Mixed Platforms.ActiveCfg = Debug|Any CPU
		{812EFF0A-CD3F-4CE6-9AD6-EEB785EC4EC5}.Debug|Mixed Platforms.Build.0 = Debug|Any CPU
		{812EFF0A-CD3F-4CE6-9AD6-EEB785EC4EC5}.Debug|x64.ActiveCfg = Debug|Any CPU
		{812EFF0A-CD3F-4CE6-9AD6-EEB785EC4EC5}.Debug|x86.ActiveCfg = Debug|Any CPU
		{812EFF0A-CD3F-4CE6-9AD6-EEB785EC4EC5}.Release|Any CPU.ActiveCfg = Release|Any CPU
		{812EFF0A-CD3F-4CE6-9AD6-EEB785EC4EC5}.Release|Any CPU.Build.0 = Release|Any CPU
		{812EFF0A-CD3F-4CE6-9AD6-EEB785EC4EC5}.Release|Mixed Platforms.ActiveCfg = Release|Any CPU
		{812EFF0A-CD3F-4CE6-9AD6-EEB785EC4EC5}.Release|Mixed Platforms.Build.0 = Release|Any CPU
		{812EFF0A-CD3F-4CE6-9AD6-EEB785EC4EC5}.Release|x64.ActiveCfg = Release|Any CPU
		{812EFF0A-CD3F-4CE6-9AD6-EEB785EC4EC5}.Release|x86.ActiveCfg = Release|Any CPU
	EndGlobalSection
	GlobalSection(SolutionProperties) = preSolution
		HideSolutionNode = FALSE
	EndGlobalSection
	GlobalSection(NestedProjects) = preSolution
		{9130226B-544A-4480-A744-3DB2B0E1FF3E} = {0FC4B876-F74B-4394-9FF5-134FF49BDDBF}
		{CC225AB4-81E7-40F1-9875-8D2756848E53} = {0FC4B876-F74B-4394-9FF5-134FF49BDDBF}
		{3FE792E5-89B4-4D80-A90D-346F1ABF7F25} = {0FC4B876-F74B-4394-9FF5-134FF49BDDBF}
	EndGlobalSection
EndGlobal
